<?xml version="1.0" encoding="utf-8"?>
<Project ToolsVersion="4.0" xmlns="http://schemas.microsoft.com/developer/msbuild/2003">
  <ItemGroup>
    <Filter Include="Source Files">
      <UniqueIdentifier>{4FC737F1-C7A5-4376-A066-2A32D752A2FF}</UniqueIdentifier>
      <Extensions>cpp;c;cc;cxx;def;odl;idl;hpj;bat;asm;asmx</Extensions>
    </Filter>
    <Filter Include="Header Files">
      <UniqueIdentifier>{93995380-89BD-4b04-88EB-625FBE52EBFB}</UniqueIdentifier>
      <Extensions>h;hh;hpp;hxx;hm;inl;inc;xsd</Extensions>
    </Filter>
    <Filter Include="Resource Files">
      <UniqueIdentifier>{67DA6AB6-F800-4c08-8B7A-83BB121AAD01}</UniqueIdentifier>
      <Extensions>rc;ico;cur;bmp;dlg;rc2;rct;bin;rgs;gif;jpg;jpeg;jpe;resx;tiff;tif;png;wav;mfcribbon-ms</Extensions>
    </Filter>
  </ItemGroup>
  <ItemGroup>
    <ClCompile Include="src\base\logging\logging.cpp">
      <Filter>Source Files</Filter>
    </ClCompile>
    <ClCompile Include="src\base\thread\thread.cpp">
      <Filter>Source Files</Filter>
    </ClCompile>
    <ClCompile Include="src\base\assert.cpp">
      <Filter>Source Files</Filter>
    </ClCompile>
    <ClCompile Include="src\base\timer.cpp">
      <Filter>Source Files</Filter>
    </ClCompile>
    <ClCompile Include="src\base\unicode.cpp">
      <Filter>Source Files</Filter>
    </ClCompile>
    <ClCompile Include="src\main.cpp">
      <Filter>Source Files</Filter>
    </ClCompile>
    <ClCompile Include="src\base\win\scoped_handle.cpp">
      <Filter>Source Files</Filter>
    </ClCompile>
    <ClCompile Include="src\base\win\last_error.cpp">
      <Filter>Source Files</Filter>
    </ClCompile>
    <ClCompile Include="src\base\thread\thread_name.cpp">
      <Filter>Source Files</Filter>
    </ClCompile>
    <ClCompile Include="src\base\signal\scoped_slot_handle.cpp">
      <Filter>Source Files</Filter>
    </ClCompile>
    <ClCompile Include="src\base\signal\slot_handle.cpp">
      <Filter>Source Files</Filter>
    </ClCompile>
    <ClCompile Include="src\base\logging\logging_sinks.cpp">
      <Filter>Source Files</Filter>
    </ClCompile>
    <ClCompile Include="src\base\asio\file.cpp">
      <Filter>Source Files</Filter>
    </ClCompile>
    <ClCompile Include="src\base\asio\io_event_loop.cpp">
      <Filter>Source Files</Filter>
    </ClCompile>
    <ClCompile Include="src\base\command_line.cpp">
      <Filter>Source Files</Filter>
    </ClCompile>
    <ClCompile Include="src\base\event_loop\event_loop.cpp">
      <Filter>Source Files</Filter>
    </ClCompile>
    <ClCompile Include="src\base\win\message_window.cpp">
      <Filter>Source Files</Filter>
    </ClCompile>
    <ClCompile Include="src\ui\gfx\animation\animation.cpp">
      <Filter>Source Files</Filter>
    </ClCompile>
    <ClCompile Include="src\ui\gfx\animation\easing.cpp">
      <Filter>Source Files</Filter>
    </ClCompile>
    <ClCompile Include="src\ui\gfx\d2d\factories.cpp">
      <Filter>Source Files</Filter>
    </ClCompile>
    <ClCompile Include="src\ui\gfx\color.cpp">
      <Filter>Source Files</Filter>
    </ClCompile>
    <ClCompile Include="src\base\win\scoped_co_init.cpp">
      <Filter>Source Files</Filter>
    </ClCompile>
    <ClCompile Include="src\ui\gfx\transform.cpp">
      <Filter>Source Files</Filter>
    </ClCompile>
    <ClCompile Include="src\base\event_loop\next_tick.cpp">
      <Filter>Source Files</Filter>
    </ClCompile>
    <ClCompile Include="src\ui\gfx\geom\point.cpp">
      <Filter>Source Files</Filter>
    </ClCompile>
    <ClCompile Include="src\ui\gfx\geom\path.cpp">
      <Filter>Source Files</Filter>
    </ClCompile>
    <ClCompile Include="src\ui\gfx\geom\round_rect.cpp">
      <Filter>Source Files</Filter>
    </ClCompile>
    <ClCompile Include="src\base\event_loop\loop_task_runner.cpp">
      <Filter>Source Files</Filter>
    </ClCompile>
    <ClCompile Include="src\base\task_runner\task_runner.cpp">
      <Filter>Source Files</Filter>
    </ClCompile>
    <ClCompile Include="src\base\task_runner\task.cpp">
      <Filter>Source Files</Filter>
    </ClCompile>
    <ClCompile Include="src\base\task_runner\cancellation.cpp">
      <Filter>Source Files</Filter>
    </ClCompile>
    <ClCompile Include="src\base\future\exceptions.cpp">
      <Filter>Source Files</Filter>
    </ClCompile>
    <ClCompile Include="src\base\future\future.cpp">
      <Filter>Source Files</Filter>
    </ClCompile>
    <ClCompile Include="src\ui\gfx\animation\reversible_animation.cpp">
      <Filter>Source Files</Filter>
    </ClCompile>
    <ClCompile Include="src\base\expected.cpp">
      <Filter>Source Files</Filter>
    </ClCompile>
    <ClCompile Include="src\base\win\win_event_loop.cpp">
      <Filter>Source Files</Filter>
    </ClCompile>
  </ItemGroup>
  <ItemGroup>
    <ClInclude Include="src\base\logging\logging.h">
      <Filter>Header Files</Filter>
    </ClInclude>
    <ClInclude Include="src\base\thread\thread.h">
      <Filter>Header Files</Filter>
    </ClInclude>
    <ClInclude Include="src\base\assert.h">
      <Filter>Header Files</Filter>
    </ClInclude>
    <ClInclude Include="src\base\timer.h">
      <Filter>Header Files</Filter>
    </ClInclude>
    <ClInclude Include="src\base\unicode.h">
      <Filter>Header Files</Filter>
    </ClInclude>
    <ClInclude Include="src\base\win\scoped_handle.h">
      <Filter>Header Files</Filter>
    </ClInclude>
    <ClInclude Include="src\base\win\last_error.h">
      <Filter>Header Files</Filter>
    </ClInclude>
    <ClInclude Include="src\base\win\com_ptr.h">
      <Filter>Header Files</Filter>
    </ClInclude>
    <ClInclude Include="src\base\auto_restore.h">
      <Filter>Header Files</Filter>
    </ClInclude>
    <ClInclude Include="src\base\non_copyable.h">
      <Filter>Header Files</Filter>
    </ClInclude>
    <ClInclude Include="src\base\thread\thread_name.h">
      <Filter>Header Files</Filter>
    </ClInclude>
    <ClInclude Include="src\base\signal\scoped_slot_handle.h">
      <Filter>Header Files</Filter>
    </ClInclude>
    <ClInclude Include="src\base\signal\signal.h">
      <Filter>Header Files</Filter>
    </ClInclude>
    <ClInclude Include="src\base\signal\slot_handle.h">
      <Filter>Header Files</Filter>
    </ClInclude>
    <ClInclude Include="src\base\logging\logging_sinks.h">
      <Filter>Header Files</Filter>
    </ClInclude>
    <ClInclude Include="src\base\asio\file.h">
      <Filter>Header Files</Filter>
    </ClInclude>
    <ClInclude Include="src\base\asio\io_event_loop.h">
      <Filter>Header Files</Filter>
    </ClInclude>
    <ClInclude Include="src\base\command_line.h">
      <Filter>Header Files</Filter>
    </ClInclude>
    <ClInclude Include="src\base\event_loop\event_loop.h">
      <Filter>Header Files</Filter>
    </ClInclude>
    <ClInclude Include="src\base\win\message_window.h">
      <Filter>Header Files</Filter>
    </ClInclude>
    <ClInclude Include="src\ui\gfx\animation\animation.h">
      <Filter>Header Files</Filter>
    </ClInclude>
    <ClInclude Include="src\ui\gfx\animation\easing.h">
      <Filter>Header Files</Filter>
    </ClInclude>
    <ClInclude Include="src\ui\gfx\d2d\factories.h">
      <Filter>Header Files</Filter>
    </ClInclude>
    <ClInclude Include="src\ui\gfx\d2d\convs.h">
      <Filter>Header Files</Filter>
    </ClInclude>
    <ClInclude Include="src\ui\gfx\color.h">
      <Filter>Header Files</Filter>
    </ClInclude>
    <ClInclude Include="src\ui\gfx\util.h">
      <Filter>Header Files</Filter>
    </ClInclude>
    <ClInclude Include="src\ui\gfx\geom\point.h">
      <Filter>Header Files</Filter>
    </ClInclude>
    <ClInclude Include="src\ui\gfx\geom\rect.h">
      <Filter>Header Files</Filter>
    </ClInclude>
    <ClInclude Include="src\ui\gfx\geom\size.h">
      <Filter>Header Files</Filter>
    </ClInclude>
    <ClInclude Include="src\base\win\scoped_co_init.h">
      <Filter>Header Files</Filter>
    </ClInclude>
    <ClInclude Include="src\ui\gfx\transform.h">
      <Filter>Header Files</Filter>
    </ClInclude>
    <ClInclude Include="src\base\event_loop\next_tick.h">
      <Filter>Header Files</Filter>
    </ClInclude>
    <ClInclude Include="src\base\finally.h">
      <Filter>Header Files</Filter>
    </ClInclude>
    <ClInclude Include="src\base\win\com_impl.h">
      <Filter>Header Files</Filter>
    </ClInclude>
    <ClInclude Include="src\base\win\exception_boundary.h">
      <Filter>Header Files</Filter>
    </ClInclude>
    <ClInclude Include="src\ui\gfx\geom\path.h">
      <Filter>Header Files</Filter>
    </ClInclude>
    <ClInclude Include="src\ui\gfx\geom\round_rect.h">
      <Filter>Header Files</Filter>
    </ClInclude>
    <ClInclude Include="src\ui\gfx\matrix.h">
      <Filter>Header Files</Filter>
    </ClInclude>
    <ClInclude Include="src\base\span.h">
      <Filter>Header Files</Filter>
    </ClInclude>
    <ClInclude Include="src\base\event_loop\loop_task_runner.h">
      <Filter>Header Files</Filter>
    </ClInclude>
    <ClInclude Include="src\base\task_runner\task_runner.h">
      <Filter>Header Files</Filter>
    </ClInclude>
    <ClInclude Include="src\base\task_runner\task.h">
      <Filter>Header Files</Filter>
    </ClInclude>
    <ClInclude Include="src\base\task_runner\cancellation.h">
      <Filter>Header Files</Filter>
    </ClInclude>
    <ClInclude Include="src\base\task_runner\run_task.h">
      <Filter>Header Files</Filter>
    </ClInclude>
    <ClInclude Include="src\base\future\impl\core.h">
      <Filter>Header Files</Filter>
    </ClInclude>
    <ClInclude Include="src\base\future\exceptions.h">
      <Filter>Header Files</Filter>
    </ClInclude>
    <ClInclude Include="src\base\future\future.h">
      <Filter>Header Files</Filter>
    </ClInclude>
    <ClInclude Include="src\base\function.h">
      <Filter>Header Files</Filter>
    </ClInclude>
    <ClInclude Include="src\ui\gfx\animation\reversible_animation.h">
      <Filter>Header Files</Filter>
    </ClInclude>
    <ClInclude Include="src\base\expected.h">
      <Filter>Header Files</Filter>
    </ClInclude>
    <ClInclude Include="src\base\win\win_event_loop.h">
      <Filter>Header Files</Filter>
    </ClInclude>
  </ItemGroup>
  <ItemGroup>
    <Manifest Include="apptest.exe.manifest" />
  </ItemGroup>
  <ItemGroup>
    <Natvis Include="dbgvis.natvis" />
  </ItemGroup>
</Project>